
Microsoft Visual Studio Solution File, Format Version 12.00
# Visual Studio Version 16
VisualStudioVersion = 16.0.30225.117
MinimumVisualStudioVersion = 10.0.40219.1
Project("{FAE04EC0-301F-11D3-BF4B-00C04F79EFBC}") = "vote_standalone", "vote_standalone.csproj", "{49ACBFA0-C788-4BBD-8ACE-04F25A2ADC0A}"
EndProject
Global
	GlobalSection(SolutionConfigurationPlatforms) = preSolution
		Debug|Any CPU = Debug|Any CPU
		Release|Any CPU = Release|Any CPU
	EndGlobalSection
	GlobalSection(ProjectConfigurationPlatforms) = postSolution
		{49ACBFA0-C788-4BBD-8ACE-04F25A2ADC0A}.Debug|Any CPU.ActiveCfg = Debug|Any CPU
		{49ACBFA0-C788-4BBD-8ACE-04F25A2ADC0A}.Debug|Any CPU.Build.0 = Debug|Any CPU
		{49ACBFA0-C788-4BBD-8ACE-04F25A2ADC0A}.Release|Any CPU.ActiveCfg = Release|Any CPU
		{49ACBFA0-C788-4BBD-8ACE-04F25A2ADC0A}.Release|Any CPU.Build.0 = Release|Any CPU
	EndGlobalSection
	GlobalSection(SolutionProperties) = preSolution
		HideSolutionNode = FALSE
	EndGlobalSection
	GlobalSection(ExtensibilityGlobals) = postSolution
		SolutionGuid = {8852CECB-F786-4E28-89C4-E23AE47399E8}
	EndGlobalSection
EndGlobal
